
Microsoft Visual Studio Solution File, Format Version 12.00
# Visual Studio Version 17
VisualStudioVersion = 17.0.31912.275
MinimumVisualStudioVersion = 10.0.40219.1
Project("{9A19103F-16F7-4668-BE54-9A1E7A4F7556}") = "Day6 puzzle 1 and 2", "Day6 puzzle 1\Day6 puzzle 1 and 2.csproj", "{2E0F7393-1569-45F8-AAD0-DB186D9CF274}"
EndProject
Global
	GlobalSection(SolutionConfigurationPlatforms) = preSolution
		Debug|Any CPU = Debug|Any CPU
		Release|Any CPU = Release|Any CPU
	EndGlobalSection
	GlobalSection(ProjectConfigurationPlatforms) = postSolution
		{2E0F7393-1569-45F8-AAD0-DB186D9CF274}.Debug|Any CPU.ActiveCfg = Debug|Any CPU
		{2E0F7393-1569-45F8-AAD0-DB186D9CF274}.Debug|Any CPU.Build.0 = Debug|Any CPU
		{2E0F7393-1569-45F8-AAD0-DB186D9CF274}.Release|Any CPU.ActiveCfg = Release|Any CPU
		{2E0F7393-1569-45F8-AAD0-DB186D9CF274}.Release|Any CPU.Build.0 = Release|Any CPU
	EndGlobalSection
	GlobalSection(SolutionProperties) = preSolution
		HideSolutionNode = FALSE
	EndGlobalSection
	GlobalSection(ExtensibilityGlobals) = postSolution
		SolutionGuid = {E78FD3B4-7DC8-4AB8-8888-F10FA2601ECB}
	EndGlobalSection
EndGlobal
