
Microsoft Visual Studio Solution File, Format Version 12.00
# Visual Studio Version 17
VisualStudioVersion = 17.0.31912.275
MinimumVisualStudioVersion = 10.0.40219.1
Project("{FAE04EC0-301F-11D3-BF4B-00C04F79EFBC}") = "Day8 puzzle 1", "Day8 puzzle 1\Day8 puzzle 1.csproj", "{6687E9A8-BE9E-4F45-9011-52DB8C947A9D}"
EndProject
Global
	GlobalSection(SolutionConfigurationPlatforms) = preSolution
		Debug|Any CPU = Debug|Any CPU
		Release|Any CPU = Release|Any CPU
	EndGlobalSection
	GlobalSection(ProjectConfigurationPlatforms) = postSolution
		{6687E9A8-BE9E-4F45-9011-52DB8C947A9D}.Debug|Any CPU.ActiveCfg = Debug|Any CPU
		{6687E9A8-BE9E-4F45-9011-52DB8C947A9D}.Debug|Any CPU.Build.0 = Debug|Any CPU
		{6687E9A8-BE9E-4F45-9011-52DB8C947A9D}.Release|Any CPU.ActiveCfg = Release|Any CPU
		{6687E9A8-BE9E-4F45-9011-52DB8C947A9D}.Release|Any CPU.Build.0 = Release|Any CPU
	EndGlobalSection
	GlobalSection(SolutionProperties) = preSolution
		HideSolutionNode = FALSE
	EndGlobalSection
	GlobalSection(ExtensibilityGlobals) = postSolution
		SolutionGuid = {CBC51BF5-F652-4AC5-B97E-2B13615BEB21}
	EndGlobalSection
EndGlobal
